
Microsoft Visual Studio Solution File, Format Version 12.00
# Visual Studio Version 16
VisualStudioVersion = 16.0.30907.101
MinimumVisualStudioVersion = 10.0.40219.1
Project("{FAE04EC0-301F-11D3-BF4B-00C04F79EFBC}") = "EnglishBattle", "EnglishBattle\EnglishBattle.csproj", "{B19ACC87-859B-4042-8A9D-AB23CE34768C}"
EndProject
Project("{FAE04EC0-301F-11D3-BF4B-00C04F79EFBC}") = "EnglishBattle.Data", "EnglishBattle.Data\EnglishBattle.Data.csproj", "{006791B5-78F4-4CEA-96F2-01BF640ADE77}"
EndProject
Global
	GlobalSection(SolutionConfigurationPlatforms) = preSolution
		Debug|Any CPU = Debug|Any CPU
		Release|Any CPU = Release|Any CPU
	EndGlobalSection
	GlobalSection(ProjectConfigurationPlatforms) = postSolution
		{B19ACC87-859B-4042-8A9D-AB23CE34768C}.Debug|Any CPU.ActiveCfg = Debug|Any CPU
		{B19ACC87-859B-4042-8A9D-AB23CE34768C}.Debug|Any CPU.Build.0 = Debug|Any CPU
		{B19ACC87-859B-4042-8A9D-AB23CE34768C}.Release|Any CPU.ActiveCfg = Release|Any CPU
		{B19ACC87-859B-4042-8A9D-AB23CE34768C}.Release|Any CPU.Build.0 = Release|Any CPU
		{006791B5-78F4-4CEA-96F2-01BF640ADE77}.Debug|Any CPU.ActiveCfg = Debug|Any CPU
		{006791B5-78F4-4CEA-96F2-01BF640ADE77}.Debug|Any CPU.Build.0 = Debug|Any CPU
		{006791B5-78F4-4CEA-96F2-01BF640ADE77}.Release|Any CPU.ActiveCfg = Release|Any CPU
		{006791B5-78F4-4CEA-96F2-01BF640ADE77}.Release|Any CPU.Build.0 = Release|Any CPU
	EndGlobalSection
	GlobalSection(SolutionProperties) = preSolution
		HideSolutionNode = FALSE
	EndGlobalSection
	GlobalSection(ExtensibilityGlobals) = postSolution
		SolutionGuid = {983EB8ED-E64E-4F0C-99FA-EB13D97ABB63}
	EndGlobalSection
EndGlobal
